{
    "version": 4,
    "terraform_version": "1.11.0",
    "serial": 1,
    "lineage": "5f6495ec-1b04-4dc2-c5a3-28ec8fbf1061",
    "outputs": {},
    "resources": [
      {
        "mode": "managed",
        "type": "aws_instance",
        "name": "TestServer",
        "provider": "provider[\"registry.terraform.io/hashicorp/aws\"]",
        "instances": [
          {
            "schema_version": 1,
            "attributes": {
              "ami": "ami-0d2614eafc1b0e4d2",
              "arn": "arn:aws:ec2:ap-south-1:637423383177:instance/i-036b2ef56828d4d3f",
              "associate_public_ip_address": true,
              "availability_zone": "ap-south-1b",
              "capacity_reservation_specification": [
                {
                  "capacity_reservation_preference": "open",
                  "capacity_reservation_target": []
                }
              ],
              "cpu_core_count": 1,
              "cpu_options": [
                {
                  "amd_sev_snp": "",
                  "core_count": 1,
                  "threads_per_core": 1
                }
              ],
              "cpu_threads_per_core": 1,
              "credit_specification": [
                {
                  "cpu_credits": "standard"
                }
              ],
              "disable_api_stop": false,
              "disable_api_termination": false,
              "ebs_block_device": [],
              "ebs_optimized": false,
              "enable_primary_ipv6": null,
              "enclave_options": [
                {
                  "enabled": false
                }
              ],
              "ephemeral_block_device": [],
              "get_password_data": false,
              "hibernation": false,
              "host_id": "",
              "host_resource_group_arn": null,
              "iam_instance_profile": "",
              "id": "i-036b2ef56828d4d3f",
              "instance_initiated_shutdown_behavior": "stop",
              "instance_lifecycle": "",
              "instance_market_options": [],
              "instance_state": "running",
              "instance_type": "t2.micro",
              "ipv6_address_count": 0,
              "ipv6_addresses": [],
              "key_name": "Kuberneteskeylatest",
              "launch_template": [],
              "maintenance_options": [
                {
                  "auto_recovery": "default"
                }
              ],
              "metadata_options": [
                {
                  "http_endpoint": "enabled",
                  "http_protocol_ipv6": "disabled",
                  "http_put_response_hop_limit": 2,
                  "http_tokens": "required",
                  "instance_metadata_tags": "disabled"
                }
              ],
              "monitoring": false,
              "network_interface": [],
              "outpost_arn": "",
              "password_data": "",
              "placement_group": "",
              "placement_partition_number": 0,
              "primary_network_interface_id": "eni-091c25c798402e179",
              "private_dns": "ip-172-31-2-170.ap-south-1.compute.internal",
              "private_dns_name_options": [
                {
                  "enable_resource_name_dns_a_record": true,
                  "enable_resource_name_dns_aaaa_record": false,
                  "hostname_type": "ip-name"
                }
              ],
              "private_ip": "172.31.2.170",
              "public_dns": "ec2-43-204-221-20.ap-south-1.compute.amazonaws.com",
              "public_ip": "43.204.221.20",
              "root_block_device": [
                {
                  "delete_on_termination": true,
                  "device_name": "/dev/xvda",
                  "encrypted": false,
                  "iops": 3000,
                  "kms_key_id": "",
                  "tags": {},
                  "tags_all": {},
                  "throughput": 125,
                  "volume_id": "vol-0f517a955ec0682a1",
                  "volume_size": 14,
                  "volume_type": "gp3"
                }
              ],
              "secondary_private_ips": [],
              "security_groups": [
                "default"
              ],
              "source_dest_check": true,
              "spot_instance_request_id": "",
              "subnet_id": "subnet-0d8e83fabb794b0b3",
              "tags": {
                "Name": "TestServer"
              },
              "tags_all": {
                "Name": "TestServer"
              },
              "tenancy": "default",
              "timeouts": null,
              "user_data": null,
              "user_data_base64": null,
              "user_data_replace_on_change": null,
              "volume_tags": null,
              "vpc_security_group_ids": [
                "sg-0788a0fbd04e30cd4"
              ]
            },
            "sensitive_attributes": [],
            "private": "eyJlMmJmYjczMC1lY2FhLTExZTYtOGY4OC0zNDM2M2JjN2M0YzAiOnsiY3JlYXRlIjo2MDAwMDAwMDAwMDAsImRlbGV0ZSI6MTIwMDAwMDAwMDAwMCwicmVhZCI6OTAwMDAwMDAwMDAwLCJ1cGRhdGUiOjYwMDAwMDAwMDAwMH0sInNjaGVtYV92ZXJzaW9uIjoiMSJ9"
          }
        ]
      }
    ],
    "check_results": null
  }